
Microsoft Visual Studio Solution File, Format Version 12.00
# Visual Studio Version 16
VisualStudioVersion = 16.0.30717.126
MinimumVisualStudioVersion = 10.0.40219.1
Project("{888888A0-9F3D-457C-B088-3A5042F75D52}") = "DigitalFilterSample", "PythonApplication1\DigitalFilterSample.pyproj", "{E27C2BCC-8606-4C08-957D-7CE26888D6D0}"
EndProject
Global
	GlobalSection(SolutionConfigurationPlatforms) = preSolution
		Debug|Any CPU = Debug|Any CPU
		Release|Any CPU = Release|Any CPU
	EndGlobalSection
	GlobalSection(ProjectConfigurationPlatforms) = postSolution
		{E27C2BCC-8606-4C08-957D-7CE26888D6D0}.Debug|Any CPU.ActiveCfg = Debug|Any CPU
		{E27C2BCC-8606-4C08-957D-7CE26888D6D0}.Release|Any CPU.ActiveCfg = Release|Any CPU
	EndGlobalSection
	GlobalSection(SolutionProperties) = preSolution
		HideSolutionNode = FALSE
	EndGlobalSection
	GlobalSection(ExtensibilityGlobals) = postSolution
		SolutionGuid = {6B972B8D-7A80-440B-A4DA-A8E914494DA4}
	EndGlobalSection
EndGlobal
